
Microsoft Visual Studio Solution File, Format Version 12.00
# Visual Studio Version 16
VisualStudioVersion = 16.0.810.8
MinimumVisualStudioVersion = 10.0.40219.1
Project("{FAE04EC0-301F-11D3-BF4B-00C04F79EFBC}") = "Override", "Override.csproj", "{6344130D-1FBC-4A80-944A-080A7C5FA7AB}"
EndProject
Global
	GlobalSection(SolutionConfigurationPlatforms) = preSolution
		Debug|Any CPU = Debug|Any CPU
		Release|Any CPU = Release|Any CPU
	EndGlobalSection
	GlobalSection(ProjectConfigurationPlatforms) = postSolution
		{6344130D-1FBC-4A80-944A-080A7C5FA7AB}.Debug|Any CPU.ActiveCfg = Debug|Any CPU
		{6344130D-1FBC-4A80-944A-080A7C5FA7AB}.Debug|Any CPU.Build.0 = Debug|Any CPU
		{6344130D-1FBC-4A80-944A-080A7C5FA7AB}.Release|Any CPU.ActiveCfg = Release|Any CPU
		{6344130D-1FBC-4A80-944A-080A7C5FA7AB}.Release|Any CPU.Build.0 = Release|Any CPU
	EndGlobalSection
	GlobalSection(SolutionProperties) = preSolution
		HideSolutionNode = FALSE
	EndGlobalSection
	GlobalSection(ExtensibilityGlobals) = postSolution
		SolutionGuid = {87E1767C-945D-4220-8C89-B79BE4DD8B57}
	EndGlobalSection
EndGlobal
